
Microsoft Visual Studio Solution File, Format Version 12.00
# Visual Studio Version 17
VisualStudioVersion = 17.0.31903.59
MinimumVisualStudioVersion = 10.0.40219.1
Project("{9A19103F-16F7-4668-BE54-9A1E7A4F7556}") = "Day01", "Day01\Day01.csproj", "{6D3A5843-CA3F-43D7-9ED0-28D26FFA23FC}"
EndProject
Project("{9A19103F-16F7-4668-BE54-9A1E7A4F7556}") = "Day02", "Day02\Day02.csproj", "{A084C587-9124-4D93-92EB-1841DCA9CBE3}"
EndProject
Project("{9A19103F-16F7-4668-BE54-9A1E7A4F7556}") = "Day03", "Day03\Day03.csproj", "{6FB2D943-917B-4C5C-81C9-FACE67171A0E}"
EndProject
Project("{2150E333-8FDC-42A3-9474-1A3956D46DE8}") = "Solution Items", "Solution Items", "{57DF2E1E-F6BD-4A8D-B8E1-E7F3F49750A1}"
	ProjectSection(SolutionItems) = preProject
		README.md = README.md
	EndProjectSection
EndProject
Project("{9A19103F-16F7-4668-BE54-9A1E7A4F7556}") = "Day04", "Day04\Day04.csproj", "{6190B3AA-202F-463F-8239-0646E4B09A0E}"
EndProject
Project("{9A19103F-16F7-4668-BE54-9A1E7A4F7556}") = "Day05", "Day05\Day05.csproj", "{B4990173-76DD-4C80-93E9-B8DEA28E5654}"
EndProject
Project("{9A19103F-16F7-4668-BE54-9A1E7A4F7556}") = "Day06", "Day06\Day06.csproj", "{CF155D28-C6E1-4151-8EA1-D018E1E6E991}"
EndProject
Project("{9A19103F-16F7-4668-BE54-9A1E7A4F7556}") = "Day07", "Day07\Day07.csproj", "{D1EE6DB1-1AC9-4F25-ACED-B34701909C30}"
EndProject
Project("{9A19103F-16F7-4668-BE54-9A1E7A4F7556}") = "Day08", "Day08\Day08.csproj", "{AA6F18DA-54AA-47AD-BB91-BDD37F58085F}"
EndProject
Project("{9A19103F-16F7-4668-BE54-9A1E7A4F7556}") = "Day09", "Day09\Day09.csproj", "{D390D0D0-0291-4D7F-8292-50701A895D7F}"
EndProject
Project("{9A19103F-16F7-4668-BE54-9A1E7A4F7556}") = "Day10", "Day10\Day10.csproj", "{5D65B1B8-9F87-44FD-BA61-6B1DB9DA5F6E}"
EndProject
Project("{9A19103F-16F7-4668-BE54-9A1E7A4F7556}") = "Day11", "Day11\Day11.csproj", "{51A2D7A3-9D9C-4175-9D35-726283B55427}"
EndProject
Project("{9A19103F-16F7-4668-BE54-9A1E7A4F7556}") = "Day12", "Day12\Day12.csproj", "{A8B9DF29-D696-43AC-8CF0-354ED2AD1DB5}"
EndProject
Project("{FAE04EC0-301F-11D3-BF4B-00C04F79EFBC}") = "Day13", "Day13\Day13.csproj", "{8109580F-4446-4B12-AEEA-153BC8BD19AB}"
EndProject
Global
	GlobalSection(SolutionConfigurationPlatforms) = preSolution
		Debug|Any CPU = Debug|Any CPU
		Release|Any CPU = Release|Any CPU
	EndGlobalSection
	GlobalSection(ProjectConfigurationPlatforms) = postSolution
		{6D3A5843-CA3F-43D7-9ED0-28D26FFA23FC}.Debug|Any CPU.ActiveCfg = Debug|Any CPU
		{6D3A5843-CA3F-43D7-9ED0-28D26FFA23FC}.Debug|Any CPU.Build.0 = Debug|Any CPU
		{6D3A5843-CA3F-43D7-9ED0-28D26FFA23FC}.Release|Any CPU.ActiveCfg = Release|Any CPU
		{6D3A5843-CA3F-43D7-9ED0-28D26FFA23FC}.Release|Any CPU.Build.0 = Release|Any CPU
		{A084C587-9124-4D93-92EB-1841DCA9CBE3}.Debug|Any CPU.ActiveCfg = Debug|Any CPU
		{A084C587-9124-4D93-92EB-1841DCA9CBE3}.Debug|Any CPU.Build.0 = Debug|Any CPU
		{A084C587-9124-4D93-92EB-1841DCA9CBE3}.Release|Any CPU.ActiveCfg = Release|Any CPU
		{A084C587-9124-4D93-92EB-1841DCA9CBE3}.Release|Any CPU.Build.0 = Release|Any CPU
		{6FB2D943-917B-4C5C-81C9-FACE67171A0E}.Debug|Any CPU.ActiveCfg = Debug|Any CPU
		{6FB2D943-917B-4C5C-81C9-FACE67171A0E}.Debug|Any CPU.Build.0 = Debug|Any CPU
		{6FB2D943-917B-4C5C-81C9-FACE67171A0E}.Release|Any CPU.ActiveCfg = Release|Any CPU
		{6FB2D943-917B-4C5C-81C9-FACE67171A0E}.Release|Any CPU.Build.0 = Release|Any CPU
		{6190B3AA-202F-463F-8239-0646E4B09A0E}.Debug|Any CPU.ActiveCfg = Debug|Any CPU
		{6190B3AA-202F-463F-8239-0646E4B09A0E}.Debug|Any CPU.Build.0 = Debug|Any CPU
		{6190B3AA-202F-463F-8239-0646E4B09A0E}.Release|Any CPU.ActiveCfg = Release|Any CPU
		{6190B3AA-202F-463F-8239-0646E4B09A0E}.Release|Any CPU.Build.0 = Release|Any CPU
		{B4990173-76DD-4C80-93E9-B8DEA28E5654}.Debug|Any CPU.ActiveCfg = Debug|Any CPU
		{B4990173-76DD-4C80-93E9-B8DEA28E5654}.Debug|Any CPU.Build.0 = Debug|Any CPU
		{B4990173-76DD-4C80-93E9-B8DEA28E5654}.Release|Any CPU.ActiveCfg = Release|Any CPU
		{B4990173-76DD-4C80-93E9-B8DEA28E5654}.Release|Any CPU.Build.0 = Release|Any CPU
		{CF155D28-C6E1-4151-8EA1-D018E1E6E991}.Debug|Any CPU.ActiveCfg = Debug|Any CPU
		{CF155D28-C6E1-4151-8EA1-D018E1E6E991}.Debug|Any CPU.Build.0 = Debug|Any CPU
		{CF155D28-C6E1-4151-8EA1-D018E1E6E991}.Release|Any CPU.ActiveCfg = Release|Any CPU
		{CF155D28-C6E1-4151-8EA1-D018E1E6E991}.Release|Any CPU.Build.0 = Release|Any CPU
		{D1EE6DB1-1AC9-4F25-ACED-B34701909C30}.Debug|Any CPU.ActiveCfg = Debug|Any CPU
		{D1EE6DB1-1AC9-4F25-ACED-B34701909C30}.Debug|Any CPU.Build.0 = Debug|Any CPU
		{D1EE6DB1-1AC9-4F25-ACED-B34701909C30}.Release|Any CPU.ActiveCfg = Release|Any CPU
		{D1EE6DB1-1AC9-4F25-ACED-B34701909C30}.Release|Any CPU.Build.0 = Release|Any CPU
		{AA6F18DA-54AA-47AD-BB91-BDD37F58085F}.Debug|Any CPU.ActiveCfg = Debug|Any CPU
		{AA6F18DA-54AA-47AD-BB91-BDD37F58085F}.Debug|Any CPU.Build.0 = Debug|Any CPU
		{AA6F18DA-54AA-47AD-BB91-BDD37F58085F}.Release|Any CPU.ActiveCfg = Release|Any CPU
		{AA6F18DA-54AA-47AD-BB91-BDD37F58085F}.Release|Any CPU.Build.0 = Release|Any CPU
		{D390D0D0-0291-4D7F-8292-50701A895D7F}.Debug|Any CPU.ActiveCfg = Debug|Any CPU
		{D390D0D0-0291-4D7F-8292-50701A895D7F}.Debug|Any CPU.Build.0 = Debug|Any CPU
		{D390D0D0-0291-4D7F-8292-50701A895D7F}.Release|Any CPU.ActiveCfg = Release|Any CPU
		{D390D0D0-0291-4D7F-8292-50701A895D7F}.Release|Any CPU.Build.0 = Release|Any CPU
		{5D65B1B8-9F87-44FD-BA61-6B1DB9DA5F6E}.Debug|Any CPU.ActiveCfg = Debug|Any CPU
		{5D65B1B8-9F87-44FD-BA61-6B1DB9DA5F6E}.Debug|Any CPU.Build.0 = Debug|Any CPU
		{5D65B1B8-9F87-44FD-BA61-6B1DB9DA5F6E}.Release|Any CPU.ActiveCfg = Release|Any CPU
		{5D65B1B8-9F87-44FD-BA61-6B1DB9DA5F6E}.Release|Any CPU.Build.0 = Release|Any CPU
		{51A2D7A3-9D9C-4175-9D35-726283B55427}.Debug|Any CPU.ActiveCfg = Debug|Any CPU
		{51A2D7A3-9D9C-4175-9D35-726283B55427}.Debug|Any CPU.Build.0 = Debug|Any CPU
		{51A2D7A3-9D9C-4175-9D35-726283B55427}.Release|Any CPU.ActiveCfg = Release|Any CPU
		{51A2D7A3-9D9C-4175-9D35-726283B55427}.Release|Any CPU.Build.0 = Release|Any CPU
		{A8B9DF29-D696-43AC-8CF0-354ED2AD1DB5}.Debug|Any CPU.ActiveCfg = Debug|Any CPU
		{A8B9DF29-D696-43AC-8CF0-354ED2AD1DB5}.Debug|Any CPU.Build.0 = Debug|Any CPU
		{A8B9DF29-D696-43AC-8CF0-354ED2AD1DB5}.Release|Any CPU.ActiveCfg = Release|Any CPU
		{A8B9DF29-D696-43AC-8CF0-354ED2AD1DB5}.Release|Any CPU.Build.0 = Release|Any CPU
		{8109580F-4446-4B12-AEEA-153BC8BD19AB}.Debug|Any CPU.ActiveCfg = Debug|Any CPU
		{8109580F-4446-4B12-AEEA-153BC8BD19AB}.Debug|Any CPU.Build.0 = Debug|Any CPU
		{8109580F-4446-4B12-AEEA-153BC8BD19AB}.Release|Any CPU.ActiveCfg = Release|Any CPU
		{8109580F-4446-4B12-AEEA-153BC8BD19AB}.Release|Any CPU.Build.0 = Release|Any CPU
	EndGlobalSection
	GlobalSection(SolutionProperties) = preSolution
		HideSolutionNode = FALSE
	EndGlobalSection
	GlobalSection(ExtensibilityGlobals) = postSolution
		SolutionGuid = {4C826AAC-21E8-420F-B780-50585E447CF7}
	EndGlobalSection
EndGlobal
